
Microsoft Visual Studio Solution File, Format Version 12.00
# Visual Studio Version 16
VisualStudioVersion = 16.0.32602.291
MinimumVisualStudioVersion = 10.0.40219.1
Project("{FAE04EC0-301F-11D3-BF4B-00C04F79EFBC}") = "aizensouske", "aizensouske\aizensouske.csproj", "{B470AEE0-DA8A-4738-A78B-36A2957F2295}"
EndProject
Global
	GlobalSection(SolutionConfigurationPlatforms) = preSolution
		Debug|Any CPU = Debug|Any CPU
		Release|Any CPU = Release|Any CPU
	EndGlobalSection
	GlobalSection(ProjectConfigurationPlatforms) = postSolution
		{B470AEE0-DA8A-4738-A78B-36A2957F2295}.Debug|Any CPU.ActiveCfg = Debug|Any CPU
		{B470AEE0-DA8A-4738-A78B-36A2957F2295}.Debug|Any CPU.Build.0 = Debug|Any CPU
		{B470AEE0-DA8A-4738-A78B-36A2957F2295}.Release|Any CPU.ActiveCfg = Release|Any CPU
		{B470AEE0-DA8A-4738-A78B-36A2957F2295}.Release|Any CPU.Build.0 = Release|Any CPU
	EndGlobalSection
	GlobalSection(SolutionProperties) = preSolution
		HideSolutionNode = FALSE
	EndGlobalSection
	GlobalSection(ExtensibilityGlobals) = postSolution
		SolutionGuid = {D8F2B1DD-532D-423D-B465-3C83B949AA12}
	EndGlobalSection
EndGlobal
